// !$*UTF8*$!
{
	archiveVersion = 1;
	classes = {
	};
	objectVersion = 50;
	objects = {

/* Begin PBXBuildFile section */
		660F2E14238582700014710E /* AppDelegate.swift in Sources */ = {isa = PBXBuildFile; fileRef = 660F2E13238582700014710E /* AppDelegate.swift */; };
		660F2E16238582700014710E /* SceneDelegate.swift in Sources */ = {isa = PBXBuildFile; fileRef = 660F2E15238582700014710E /* SceneDelegate.swift */; };
		660F2E18238582700014710E /* ContentView.swift in Sources */ = {isa = PBXBuildFile; fileRef = 660F2E17238582700014710E /* ContentView.swift */; };
		660F2E1A238582740014710E /* Assets.xcassets in Resources */ = {isa = PBXBuildFile; fileRef = 660F2E19238582740014710E /* Assets.xcassets */; };
		660F2E1D238582740014710E /* Preview Assets.xcassets in Resources */ = {isa = PBXBuildFile; fileRef = 660F2E1C238582740014710E /* Preview Assets.xcassets */; };
		660F2E20238582740014710E /* LaunchScreen.storyboard in Resources */ = {isa = PBXBuildFile; fileRef = 660F2E1E238582740014710E /* LaunchScreen.storyboard */; };
		66C414D523858A2400DDDC3A /* Pacifico-Regular.ttf in Resources */ = {isa = PBXBuildFile; fileRef = 66C414D423858A2400DDDC3A /* Pacifico-Regular.ttf */; };
		66C414D72385CC4E00DDDC3A /* InfoView.swift in Sources */ = {isa = PBXBuildFile; fileRef = 66C414D62385CC4E00DDDC3A /* InfoView.swift */; };
/* End PBXBuildFile section */

/* Begin PBXFileReference section */
		660F2E10238582700014710E /* RotemCard.app */ = {isa = PBXFileReference; explicitFileType = wrapper.application; includeInIndex = 0; path = RotemCard.app; sourceTree = BUILT_PRODUCTS_DIR; };
		660F2E13238582700014710E /* AppDelegate.swift */ = {isa = PBXFileReference; lastKnownFileType = sourcecode.swift; path = AppDelegate.swift; sourceTree = "<group>"; };
		660F2E15238582700014710E /* SceneDelegate.swift */ = {isa = PBXFileReference; lastKnownFileType = sourcecode.swift; path = SceneDelegate.swift; sourceTree = "<group>"; };
		660F2E17238582700014710E /* ContentView.swift */ = {isa = PBXFileReference; lastKnownFileType = sourcecode.swift; path = ContentView.swift; sourceTree = "<group>"; };
		660F2E19238582740014710E /* Assets.xcassets */ = {isa = PBXFileReference; lastKnownFileType = folder.assetcatalog; path = Assets.xcassets; sourceTree = "<group>"; };
		660F2E1C238582740014710E /* Preview Assets.xcassets */ = {isa = PBXFileReference; lastKnownFileType = folder.assetcatalog; path = "Preview Assets.xcassets"; sourceTree = "<group>"; };
		660F2E1F238582740014710E /* Base */ = {isa = PBXFileReference; lastKnownFileType = file.storyboard; name = Base; path = Base.lproj/LaunchScreen.storyboard; sourceTree = "<group>"; };
		660F2E21238582740014710E /* Info.plist */ = {isa = PBXFileReference; lastKnownFileType = text.plist.xml; path = Info.plist; sourceTree = "<group>"; };
		66C414D423858A2400DDDC3A /* Pacifico-Regular.ttf */ = {isa = PBXFileReference; lastKnownFileType = file; path = "Pacifico-Regular.ttf"; sourceTree = "<group>"; };
		66C414D62385CC4E00DDDC3A /* InfoView.swift */ = {isa = PBXFileReference; lastKnownFileType = sourcecode.swift; path = InfoView.swift; sourceTree = "<group>"; };
/* End PBXFileReference section */

/* Begin PBXFrameworksBuildPhase section */
		660F2E0D238582700014710E /* Frameworks */ = {
			isa = PBXFrameworksBuildPhase;
			buildActionMask = 2147483647;
			files = (
			);
			runOnlyForDeploymentPostprocessing = 0;
		};
/* End PBXFrameworksBuildPhase section */

/* Begin PBXGroup section */
		660F2E07238582700014710E = {
			isa = PBXGroup;
			children = (
				660F2E12238582700014710E /* RotemCard */,
				660F2E11238582700014710E /* Products */,
			);
			sourceTree = "<group>";
		};
		660F2E11238582700014710E /* Products */ = {
			isa = PBXGroup;
			children = (
				660F2E10238582700014710E /* RotemCard.app */,
			);
			name = Products;
			sourceTree = "<group>";
		};
		660F2E12238582700014710E /* RotemCard */ = {
			isa = PBXGroup;
			children = (
				66C414D323858A0700DDDC3A /* Fonts */,
				660F2E13238582700014710E /* AppDelegate.swift */,
				660F2E15238582700014710E /* SceneDelegate.swift */,
				660F2E17238582700014710E /* ContentView.swift */,
				66C414D62385CC4E00DDDC3A /* InfoView.swift */,
				660F2E19238582740014710E /* Assets.xcassets */,
				660F2E1E238582740014710E /* LaunchScreen.storyboard */,
				660F2E21238582740014710E /* Info.plist */,
				660F2E1B238582740014710E /* Preview Content */,
			);
			path = RotemCard;
			sourceTree = "<group>";
		};
		660F2E1B238582740014710E /* Preview Content */ = {
			isa = PBXGroup;
			children = (
				660F2E1C238582740014710E /* Preview Assets.xcassets */,
			);
			path = "Preview Content";
			sourceTree = "<group>";
		};
		66C414D323858A0700DDDC3A /* Fonts */ = {
			isa = PBXGroup;
			children = (
				66C414D423858A2400DDDC3A /* Pacifico-Regular.ttf */,
			);
			path = Fonts;
			sourceTree = "<group>";
		};
/* End PBXGroup section */

/* Begin PBXNativeTarget section */
		660F2E0F238582700014710E /* RotemCard */ = {
			isa = PBXNativeTarget;
			buildConfigurationList = 660F2E24238582740014710E /* Build configuration list for PBXNativeTarget "RotemCard" */;
			buildPhases = (
				660F2E0C238582700014710E /* Sources */,
				660F2E0D238582700014710E /* Frameworks */,
				660F2E0E238582700014710E /* Resources */,
			);
			buildRules = (
			);
			dependencies = (
			);
			name = RotemCard;
			productName = RotemCard;
			productReference = 660F2E10238582700014710E /* RotemCard.app */;
			productType = "com.apple.product-type.application";
		};
/* End PBXNativeTarget section */

/* Begin PBXProject section */
		660F2E08238582700014710E /* Project object */ = {
			isa = PBXProject;
			attributes = {
				LastSwiftUpdateCheck = 1110;
				LastUpgradeCheck = 1110;
				ORGANIZATIONNAME = "Rotem Sade";
				TargetAttributes = {
					660F2E0F238582700014710E = {
						CreatedOnToolsVersion = 11.1;
					};
				};
			};
			buildConfigurationList = 660F2E0B238582700014710E /* Build configuration list for PBXProject "RotemCard" */;
			compatibilityVersion = "Xcode 9.3";
			developmentRegion = en;
			hasScannedForEncodings = 0;
			knownRegions = (
				en,
				Base,
			);
			mainGroup = 660F2E07238582700014710E;
			productRefGroup = 660F2E11238582700014710E /* Products */;
			projectDirPath = "";
			projectRoot = "";
			targets = (
				660F2E0F238582700014710E /* RotemCard */,
			);
		};
/* End PBXProject section */

/* Begin PBXResourcesBuildPhase section */
		660F2E0E238582700014710E /* Resources */ = {
			isa = PBXResourcesBuildPhase;
			buildActionMask = 2147483647;
			files = (
				660F2E20238582740014710E /* LaunchScreen.storyboard in Resources */,
				66C414D523858A2400DDDC3A /* Pacifico-Regular.ttf in Resources */,
				660F2E1D238582740014710E /* Preview Assets.xcassets in Resources */,
				660F2E1A238582740014710E /* Assets.xcassets in Resources */,
			);
			runOnlyForDeploymentPostprocessing = 0;
		};
/* End PBXResourcesBuildPhase section */

/* Begin PBXSourcesBuildPhase section */
		660F2E0C238582700014710E /* Sources */ = {
			isa = PBXSourcesBuildPhase;
			buildActionMask = 2147483647;
			files = (
				66C414D72385CC4E00DDDC3A /* InfoView.swift in Sources */,
				660F2E14238582700014710E /* AppDelegate.swift in Sources */,
				660F2E16238582700014710E /* SceneDelegate.swift in Sources */,
				660F2E18238582700014710E /* ContentView.swift in Sources */,
			);
			runOnlyForDeploymentPostprocessing = 0;
		};
/* End PBXSourcesBuildPhase section */

/* Begin PBXVariantGroup section */
		660F2E1E238582740014710E /* LaunchScreen.storyboard */ = {
			isa = PBXVariantGroup;
			children = (
				660F2E1F238582740014710E /* Base */,
			);
			name = LaunchScreen.storyboard;
			sourceTree = "<group>";
		};
/* End PBXVariantGroup section */

/* Begin XCBuildConfiguration section */
		660F2E22238582740014710E /* Debug */ = {
			isa = XCBuildConfiguration;
			buildSettings = {
				ALWAYS_SEARCH_USER_PATHS = NO;
				CLANG_ANALYZER_NONNULL = YES;
				CLANG_ANALYZER_NUMBER_OBJECT_CONVERSION = YES_AGGRESSIVE;
				CLANG_CXX_LANGUAGE_STANDARD = "gnu++14";
				CLANG_CXX_LIBRARY = "libc++";
				CLANG_ENABLE_MODULES = YES;
				CLANG_ENABLE_OBJC_ARC = YES;
				CLANG_ENABLE_OBJC_WEAK = YES;
				CLANG_WARN_BLOCK_CAPTURE_AUTORELEASING = YES;
				CLANG_WARN_BOOL_CONVERSION = YES;
				CLANG_WARN_COMMA = YES;
				CLANG_WARN_CONSTANT_CONVERSION = YES;
				CLANG_WARN_DEPRECATED_OBJC_IMPLEMENTATIONS = YES;
				CLANG_WARN_DIRECT_OBJC_ISA_USAGE = YES_ERROR;
				CLANG_WARN_DOCUMENTATION_COMMENTS = YES;
				CLANG_WARN_EMPTY_BODY = YES;
				CLANG_WARN_ENUM_CONVERSION = YES;
				CLANG_WARN_INFINITE_RECURSION = YES;
				CLANG_WARN_INT_CONVERSION = YES;
				CLANG_WARN_NON_LITERAL_NULL_CONVERSION = YES;
				CLANG_WARN_OBJC_IMPLICIT_RETAIN_SELF = YES;
				CLANG_WARN_OBJC_LITERAL_CONVERSION = YES;
				CLANG_WARN_OBJC_ROOT_CLASS = YES_ERROR;
				CLANG_WARN_RANGE_LOOP_ANALYSIS = YES;
				CLANG_WARN_STRICT_PROTOTYPES = YES;
				CLANG_WARN_SUSPICIOUS_MOVE = YES;
				CLANG_WARN_UNGUARDED_AVAILABILITY = YES_AGGRESSIVE;
				CLANG_WARN_UNREACHABLE_CODE = YES;
				CLANG_WARN__DUPLICATE_METHOD_MATCH = YES;
				COPY_PHASE_STRIP = NO;
				DEBUG_INFORMATION_FORMAT = dwarf;
				ENABLE_STRICT_OBJC_MSGSEND = YES;
				ENABLE_TESTABILITY = YES;
				GCC_C_LANGUAGE_STANDARD = gnu11;
				GCC_DYNAMIC_NO_PIC = NO;
				GCC_NO_COMMON_BLOCKS = YES;
				GCC_OPTIMIZATION_LEVEL = 0;
				GCC_PREPROCESSOR_DEFINITIONS = (
					"DEBUG=1",
					"$(inherited)",
				);
				GCC_WARN_64_TO_32_BIT_CONVERSION = YES;
				GCC_WARN_ABOUT_RETURN_TYPE = YES_ERROR;
				GCC_WARN_UNDECLARED_SELECTOR = YES;
				GCC_WARN_UNINITIALIZED_AUTOS = YES_AGGRESSIVE;
				GCC_WARN_UNUSED_FUNCTION = YES;
				GCC_WARN_UNUSED_VARIABLE = YES;
				IPHONEOS_DEPLOYMENT_TARGET = 13.1;
				MTL_ENABLE_DEBUG_INFO = INCLUDE_SOURCE;
				MTL_FAST_MATH = YES;
				ONLY_ACTIVE_ARCH = YES;
				SDKROOT = iphoneos;
				SWIFT_ACTIVE_COMPILATION_CONDITIONS = DEBUG;
				SWIFT_OPTIMIZATION_LEVEL = "-Onone";
			};
			name = Debug;
		};
		660F2E23238582740014710E /* Release */ = {
			isa = XCBuildConfiguration;
			buildSettings = {
				ALWAYS_SEARCH_USER_PATHS = NO;
				CLANG_ANALYZER_NONNULL = YES;
				CLANG_ANALYZER_NUMBER_OBJECT_CONVERSION = YES_AGGRESSIVE;
				CLANG_CXX_LANGUAGE_STANDARD = "gnu++14";
				CLANG_CXX_LIBRARY = "libc++";
				CLANG_ENABLE_MODULES = YES;
				CLANG_ENABLE_OBJC_ARC = YES;
				CLANG_ENABLE_OBJC_WEAK = YES;
				CLANG_WARN_BLOCK_CAPTURE_AUTORELEASING = YES;
				CLANG_WARN_BOOL_CONVERSION = YES;
				CLANG_WARN_COMMA = YES;
				CLANG_WARN_CONSTANT_CONVERSION = YES;
				CLANG_WARN_DEPRECATED_OBJC_IMPLEMENTATIONS = YES;
				CLANG_WARN_DIRECT_OBJC_ISA_USAGE = YES_ERROR;
				CLANG_WARN_DOCUMENTATION_COMMENTS = YES;
				CLANG_WARN_EMPTY_BODY = YES;
				CLANG_WARN_ENUM_CONVERSION = YES;
				CLANG_WARN_INFINITE_RECURSION = YES;
				CLANG_WARN_INT_CONVERSION = YES;
				CLANG_WARN_NON_LITERAL_NULL_CONVERSION = YES;
				CLANG_WARN_OBJC_IMPLICIT_RETAIN_SELF = YES;
				CLANG_WARN_OBJC_LITERAL_CONVERSION = YES;
				CLANG_WARN_OBJC_ROOT_CLASS = YES_ERROR;
				CLANG_WARN_RANGE_LOOP_ANALYSIS = YES;
				CLANG_WARN_STRICT_PROTOTYPES = YES;
				CLANG_WARN_SUSPICIOUS_MOVE = YES;
				CLANG_WARN_UNGUARDED_AVAILABILITY = YES_AGGRESSIVE;
				CLANG_WARN_UNREACHABLE_CODE = YES;
				CLANG_WARN__DUPLICATE_METHOD_MATCH = YES;
				COPY_PHASE_STRIP = NO;
				DEBUG_INFORMATION_FORMAT = "dwarf-with-dsym";
				ENABLE_NS_ASSERTIONS = NO;
				ENABLE_STRICT_OBJC_MSGSEND = YES;
				GCC_C_LANGUAGE_STANDARD = gnu11;
				GCC_NO_COMMON_BLOCKS = YES;
				GCC_WARN_64_TO_32_BIT_CONVERSION = YES;
				GCC_WARN_ABOUT_RETURN_TYPE = YES_ERROR;
				GCC_WARN_UNDECLARED_SELECTOR = YES;
				GCC_WARN_UNINITIALIZED_AUTOS = YES_AGGRESSIVE;
				GCC_WARN_UNUSED_FUNCTION = YES;
				GCC_WARN_UNUSED_VARIABLE = YES;
				IPHONEOS_DEPLOYMENT_TARGET = 13.1;
				MTL_ENABLE_DEBUG_INFO = NO;
				MTL_FAST_MATH = YES;
				SDKROOT = iphoneos;
				SWIFT_COMPILATION_MODE = wholemodule;
				SWIFT_OPTIMIZATION_LEVEL = "-O";
				VALIDATE_PRODUCT = YES;
			};
			name = Release;
		};
		660F2E25238582740014710E /* Debug */ = {
			isa = XCBuildConfiguration;
			buildSettings = {
				ASSETCATALOG_COMPILER_APPICON_NAME = AppIcon;
				CODE_SIGN_STYLE = Automatic;
				DEVELOPMENT_ASSET_PATHS = "\"RotemCard/Preview Content\"";
				DEVELOPMENT_TEAM = NBKX8G7J3S;
				ENABLE_PREVIEWS = YES;
				INFOPLIST_FILE = RotemCard/Info.plist;
				LD_RUNPATH_SEARCH_PATHS = (
					"$(inherited)",
					"@executable_path/Frameworks",
				);
				PRODUCT_BUNDLE_IDENTIFIER = com.rotemsade.RotemCard;
				PRODUCT_NAME = "$(TARGET_NAME)";
				SWIFT_VERSION = 5.0;
				TARGETED_DEVICE_FAMILY = "1,2";
			};
			name = Debug;
		};
		660F2E26238582740014710E /* Release */ = {
			isa = XCBuildConfiguration;
			buildSettings = {
				ASSETCATALOG_COMPILER_APPICON_NAME = AppIcon;
				CODE_SIGN_STYLE = Automatic;
				DEVELOPMENT_ASSET_PATHS = "\"RotemCard/Preview Content\"";
				DEVELOPMENT_TEAM = NBKX8G7J3S;
				ENABLE_PREVIEWS = YES;
				INFOPLIST_FILE = RotemCard/Info.plist;
				LD_RUNPATH_SEARCH_PATHS = (
					"$(inherited)",
					"@executable_path/Frameworks",
				);
				PRODUCT_BUNDLE_IDENTIFIER = com.rotemsade.RotemCard;
				PRODUCT_NAME = "$(TARGET_NAME)";
				SWIFT_VERSION = 5.0;
				TARGETED_DEVICE_FAMILY = "1,2";
			};
			name = Release;
		};
/* End XCBuildConfiguration section */

/* Begin XCConfigurationList section */
		660F2E0B238582700014710E /* Build configuration list for PBXProject "RotemCard" */ = {
			isa = XCConfigurationList;
			buildConfigurations = (
				660F2E22238582740014710E /* Debug */,
				660F2E23238582740014710E /* Release */,
			);
			defaultConfigurationIsVisible = 0;
			defaultConfigurationName = Release;
		};
		660F2E24238582740014710E /* Build configuration list for PBXNativeTarget "RotemCard" */ = {
			isa = XCConfigurationList;
			buildConfigurations = (
				660F2E25238582740014710E /* Debug */,
				660F2E26238582740014710E /* Release */,
			);
			defaultConfigurationIsVisible = 0;
			defaultConfigurationName = Release;
		};
/* End XCConfigurationList section */
	};
	rootObject = 660F2E08238582700014710E /* Project object */;
}
